
Microsoft Visual Studio Solution File, Format Version 12.00
# Visual Studio Version 16
VisualStudioVersion = 16.0.29009.5
MinimumVisualStudioVersion = 10.0.40219.1
Project("{9A19103F-16F7-4668-BE54-9A1E7A4F7556}") = "SocializRv6", "SocializRv6\SocializRv6.csproj", "{E8E8EFB0-0737-4CE2-81AF-DF2F21004DC0}"
EndProject
Project("{2150E333-8FDC-42A3-9474-1A3956D46DE8}") = "Application", "Application", "{B5AD4AD1-08FC-487D-9DAB-C7BB94F17834}"
EndProject
Project("{2150E333-8FDC-42A3-9474-1A3956D46DE8}") = "Domain", "Domain", "{5474EC97-EC6A-460E-8AE0-1C4C0B74D911}"
EndProject
Project("{2150E333-8FDC-42A3-9474-1A3956D46DE8}") = "Infrastructure", "Infrastructure", "{975D0F4C-BBBC-4B36-845E-955E0236CE9E}"
EndProject
Project("{9A19103F-16F7-4668-BE54-9A1E7A4F7556}") = "Common", "Common\Common.csproj", "{D86A99C8-E1B7-4E0C-84BD-7635DB9DAB4A}"
EndProject
Project("{9A19103F-16F7-4668-BE54-9A1E7A4F7556}") = "Socializr.Entities", "Socializr.Entities\Socializr.Entities.csproj", "{94D6612A-5E3E-40CC-91DC-62C900D95EC8}"
EndProject
Project("{9A19103F-16F7-4668-BE54-9A1E7A4F7556}") = "Socializr.Services", "Socializr.Services\Socializr.Services.csproj", "{D50A0375-AC1F-47BC-8FF5-CCDA04208A70}"
EndProject
Project("{9A19103F-16F7-4668-BE54-9A1E7A4F7556}") = "Socializr.DataAccess", "Socializr.DataAccess\Socializr.DataAccess.csproj", "{C0AD4987-401C-4054-9EFD-D00DE3F9AF2A}"
EndProject
Project("{9A19103F-16F7-4668-BE54-9A1E7A4F7556}") = "Utils", "Utils\Utils.csproj", "{F3BE3EC5-33F2-4253-B376-3DFDA3880781}"
EndProject
Global
	GlobalSection(SolutionConfigurationPlatforms) = preSolution
		Debug|Any CPU = Debug|Any CPU
		Release|Any CPU = Release|Any CPU
	EndGlobalSection
	GlobalSection(ProjectConfigurationPlatforms) = postSolution
		{E8E8EFB0-0737-4CE2-81AF-DF2F21004DC0}.Debug|Any CPU.ActiveCfg = Debug|Any CPU
		{E8E8EFB0-0737-4CE2-81AF-DF2F21004DC0}.Debug|Any CPU.Build.0 = Debug|Any CPU
		{E8E8EFB0-0737-4CE2-81AF-DF2F21004DC0}.Release|Any CPU.ActiveCfg = Release|Any CPU
		{E8E8EFB0-0737-4CE2-81AF-DF2F21004DC0}.Release|Any CPU.Build.0 = Release|Any CPU
		{D86A99C8-E1B7-4E0C-84BD-7635DB9DAB4A}.Debug|Any CPU.ActiveCfg = Debug|Any CPU
		{D86A99C8-E1B7-4E0C-84BD-7635DB9DAB4A}.Debug|Any CPU.Build.0 = Debug|Any CPU
		{D86A99C8-E1B7-4E0C-84BD-7635DB9DAB4A}.Release|Any CPU.ActiveCfg = Release|Any CPU
		{D86A99C8-E1B7-4E0C-84BD-7635DB9DAB4A}.Release|Any CPU.Build.0 = Release|Any CPU
		{94D6612A-5E3E-40CC-91DC-62C900D95EC8}.Debug|Any CPU.ActiveCfg = Debug|Any CPU
		{94D6612A-5E3E-40CC-91DC-62C900D95EC8}.Debug|Any CPU.Build.0 = Debug|Any CPU
		{94D6612A-5E3E-40CC-91DC-62C900D95EC8}.Release|Any CPU.ActiveCfg = Release|Any CPU
		{94D6612A-5E3E-40CC-91DC-62C900D95EC8}.Release|Any CPU.Build.0 = Release|Any CPU
		{D50A0375-AC1F-47BC-8FF5-CCDA04208A70}.Debug|Any CPU.ActiveCfg = Debug|Any CPU
		{D50A0375-AC1F-47BC-8FF5-CCDA04208A70}.Debug|Any CPU.Build.0 = Debug|Any CPU
		{D50A0375-AC1F-47BC-8FF5-CCDA04208A70}.Release|Any CPU.ActiveCfg = Release|Any CPU
		{D50A0375-AC1F-47BC-8FF5-CCDA04208A70}.Release|Any CPU.Build.0 = Release|Any CPU
		{C0AD4987-401C-4054-9EFD-D00DE3F9AF2A}.Debug|Any CPU.ActiveCfg = Debug|Any CPU
		{C0AD4987-401C-4054-9EFD-D00DE3F9AF2A}.Debug|Any CPU.Build.0 = Debug|Any CPU
		{C0AD4987-401C-4054-9EFD-D00DE3F9AF2A}.Release|Any CPU.ActiveCfg = Release|Any CPU
		{C0AD4987-401C-4054-9EFD-D00DE3F9AF2A}.Release|Any CPU.Build.0 = Release|Any CPU
		{F3BE3EC5-33F2-4253-B376-3DFDA3880781}.Debug|Any CPU.ActiveCfg = Debug|Any CPU
		{F3BE3EC5-33F2-4253-B376-3DFDA3880781}.Debug|Any CPU.Build.0 = Debug|Any CPU
		{F3BE3EC5-33F2-4253-B376-3DFDA3880781}.Release|Any CPU.ActiveCfg = Release|Any CPU
		{F3BE3EC5-33F2-4253-B376-3DFDA3880781}.Release|Any CPU.Build.0 = Release|Any CPU
	EndGlobalSection
	GlobalSection(SolutionProperties) = preSolution
		HideSolutionNode = FALSE
	EndGlobalSection
	GlobalSection(NestedProjects) = preSolution
		{E8E8EFB0-0737-4CE2-81AF-DF2F21004DC0} = {B5AD4AD1-08FC-487D-9DAB-C7BB94F17834}
		{94D6612A-5E3E-40CC-91DC-62C900D95EC8} = {5474EC97-EC6A-460E-8AE0-1C4C0B74D911}
		{D50A0375-AC1F-47BC-8FF5-CCDA04208A70} = {5474EC97-EC6A-460E-8AE0-1C4C0B74D911}
		{C0AD4987-401C-4054-9EFD-D00DE3F9AF2A} = {975D0F4C-BBBC-4B36-845E-955E0236CE9E}
		{F3BE3EC5-33F2-4253-B376-3DFDA3880781} = {975D0F4C-BBBC-4B36-845E-955E0236CE9E}
	EndGlobalSection
	GlobalSection(ExtensibilityGlobals) = postSolution
		SolutionGuid = {962D6DF9-B284-4317-A106-C2A7437E783F}
	EndGlobalSection
	GlobalSection(TeamFoundationVersionControl) = preSolution
		SccNumberOfProjects = 7
		SccEnterpriseProvider = {4CA58AB2-18FA-4F8D-95D4-32DDF27D184C}
		SccTeamFoundationServer = https://dev.azure.com/iiancu85
		SccProjectUniqueName0 = Common\\Common.csproj
		SccProjectName0 = Common
		SccLocalPath0 = Common
		SccLocalPath1 = .
		SccProjectUniqueName2 = Socializr.DataAccess\\Socializr.DataAccess.csproj
		SccProjectTopLevelParentUniqueName2 = SocializRv6.sln
		SccProjectName2 = Socializr.DataAccess
		SccLocalPath2 = Socializr.DataAccess
		SccProjectUniqueName3 = Socializr.Entities\\Socializr.Entities.csproj
		SccProjectTopLevelParentUniqueName3 = SocializRv6.sln
		SccProjectName3 = Socializr.Entities
		SccLocalPath3 = Socializr.Entities
		SccProjectUniqueName4 = Socializr.Services\\Socializr.Services.csproj
		SccProjectTopLevelParentUniqueName4 = SocializRv6.sln
		SccProjectName4 = Socializr.Services
		SccLocalPath4 = Socializr.Services
		SccProjectUniqueName5 = SocializRv6\\SocializRv6.csproj
		SccProjectTopLevelParentUniqueName5 = SocializRv6.sln
		SccProjectName5 = SocializRv6
		SccLocalPath5 = SocializRv6
		SccProjectUniqueName6 = Utils\\Utils.csproj
		SccProjectTopLevelParentUniqueName6 = SocializRv6.sln
		SccProjectName6 = Utils
		SccLocalPath6 = Utils
	EndGlobalSection
EndGlobal
